<?xml version="1.0" encoding="UTF-8" standalone="yes" ?>
<CodeBlocks_project_file>
	<FileVersion major="1" minor="6" />
	<Project>
		<Option title="network" />
		<Option pch_mode="2" />
		<Option compiler="gcc" />
		<Build>
			<Target title="Debug">
				<Option output="bin/Debug/network" prefix_auto="1" extension_auto="1" />
				<Option object_output="obj/Debug/" />
				<Option type="1" />
				<Option compiler="gcc" />
				<Compiler>
					<Add option="-g" />
				</Compiler>
			</Target>
			<Target title="Release">
				<Option output="bin/Release/network" prefix_auto="1" extension_auto="1" />
				<Option object_output="obj/Release/" />
				<Option type="1" />
				<Option compiler="gcc" />
				<Compiler>
					<Add option="-O2" />
				</Compiler>
				<Linker>
					<Add option="-s" />
				</Linker>
			</Target>
		</Build>
		<Compiler>
			<Add option="-Wall" />
			<Add option="-fexceptions" />
		</Compiler>
		<Unit filename="ClientApi.cpp" />
		<Unit filename="ClientApi.h" />
		<Unit filename="Log.cpp" />
		<Unit filename="Log.h" />
		<Unit filename="ServerApi.cpp" />
		<Unit filename="ServerApi.h" />
		<Unit filename="ServerEndPoint.cpp" />
		<Unit filename="channelsock/Channel.cpp" />
		<Unit filename="channelsock/Channel.h" />
		<Unit filename="channelsock/InetSock.cpp" />
		<Unit filename="channelsock/InetSock.h" />
		<Unit filename="channelsock/ServiceName.cpp" />
		<Unit filename="channelsock/ServiceName.h" />
		<Unit filename="channelsock/TcpSock.cpp" />
		<Unit filename="channelsock/TcpSock.h" />
		<Unit filename="channelsock/UdpChannel.cpp" />
		<Unit filename="channelsock/UdpChannel.h" />
		<Unit filename="channelsock/UdpSock.cpp" />
		<Unit filename="channelsock/UdpSock.h" />
		<Unit filename="channelsock/socks.h" />
		<Unit filename="client/Client.cpp" />
		<Unit filename="client/Client.h" />
		<Unit filename="client/ClientBase.cpp" />
		<Unit filename="client/ClientBase.h" />
		<Unit filename="lowsession/SessionBase.cpp" />
		<Unit filename="lowsession/SessionBase.h" />
		<Unit filename="package/Package.cpp" />
		<Unit filename="package/Package.h" />
		<Unit filename="package/channelpackage.cpp" />
		<Unit filename="package/channelpackage.h" />
		<Unit filename="server/Server.cpp" />
		<Unit filename="server/Server.h" />
		<Unit filename="server/ServerBase.cpp" />
		<Unit filename="server/ServerBase.h" />
		<Unit filename="thread/Common.h" />
		<Unit filename="thread/Dispatcher.cpp" />
		<Unit filename="thread/Dispatcher.h" />
		<Unit filename="thread/EventQueue.h" />
		<Unit filename="thread/Handler.cpp" />
		<Unit filename="thread/Handler.h" />
		<Unit filename="thread/Mutex.cpp" />
		<Unit filename="thread/Mutex.h" />
		<Unit filename="thread/MutexGuard.cpp" />
		<Unit filename="thread/MutexGuard.h" />
		<Unit filename="thread/SelectReactor.cpp" />
		<Unit filename="thread/SelectReactor.h" />
		<Unit filename="thread/Semaphore.cpp" />
		<Unit filename="thread/Semaphore.h" />
		<Unit filename="thread/Thread.cpp" />
		<Unit filename="thread/Thread.h" />
		<Extensions>
			<code_completion />
			<envvars />
			<lib_finder disable_auto="1" />
			<debugger />
		</Extensions>
	</Project>
</CodeBlocks_project_file>
