<?xml version="1.0" encoding="utf-8"?>
<Project ToolsVersion="4.0" xmlns="http://schemas.microsoft.com/developer/msbuild/2003">
  <ItemGroup>
    <Filter Include="channelsock">
      <UniqueIdentifier>{3d2a5862-324d-4c75-9276-2fbd4962e088}</UniqueIdentifier>
    </Filter>
    <Filter Include="server">
      <UniqueIdentifier>{944c3517-0c69-417b-a367-4c9f63a73daf}</UniqueIdentifier>
    </Filter>
    <Filter Include="client">
      <UniqueIdentifier>{199aa12c-4ac5-441d-954f-8f21d775eb5b}</UniqueIdentifier>
    </Filter>
    <Filter Include="thread">
      <UniqueIdentifier>{e1a82de5-9ead-4c95-ac9e-2ae07bbb23b6}</UniqueIdentifier>
    </Filter>
  </ItemGroup>
  <ItemGroup>
    <ClCompile Include="..\channelsock\Channel.cpp">
      <Filter>channelsock</Filter>
    </ClCompile>
    <ClCompile Include="..\channelsock\InetSock.cpp">
      <Filter>channelsock</Filter>
    </ClCompile>
    <ClCompile Include="..\channelsock\ServiceName.cpp">
      <Filter>channelsock</Filter>
    </ClCompile>
    <ClCompile Include="..\channelsock\TcpSock.cpp">
      <Filter>channelsock</Filter>
    </ClCompile>
    <ClCompile Include="..\server\Server.cpp">
      <Filter>server</Filter>
    </ClCompile>
    <ClCompile Include="..\server\ServerBase.cpp">
      <Filter>server</Filter>
    </ClCompile>
    <ClCompile Include="..\Log.cpp" />
    <ClCompile Include="..\client\ClientBase.cpp">
      <Filter>client</Filter>
    </ClCompile>
    <ClCompile Include="..\ServerEndPoint.cpp" />
    <ClCompile Include="..\channelsock\UdpSock.cpp">
      <Filter>channelsock</Filter>
    </ClCompile>
    <ClCompile Include="..\channelsock\UdpChannel.cpp">
      <Filter>channelsock</Filter>
    </ClCompile>
    <ClCompile Include="..\client\Client.cpp">
      <Filter>client</Filter>
    </ClCompile>
    <ClCompile Include="..\ClientEndPoint.cpp" />
    <ClCompile Include="..\thread\Mutex.cpp">
      <Filter>thread</Filter>
    </ClCompile>
    <ClCompile Include="..\thread\MutexGuard.cpp">
      <Filter>thread</Filter>
    </ClCompile>
    <ClCompile Include="..\thread\Semaphore.cpp">
      <Filter>thread</Filter>
    </ClCompile>
    <ClCompile Include="..\thread\Thread.cpp">
      <Filter>thread</Filter>
    </ClCompile>
    <ClCompile Include="..\thread\Dispatcher.cpp">
      <Filter>thread</Filter>
    </ClCompile>
    <ClCompile Include="..\thread\SelectReactor.cpp">
      <Filter>thread</Filter>
    </ClCompile>
    <ClCompile Include="..\ClientApi.cpp" />
  </ItemGroup>
  <ItemGroup>
    <ClInclude Include="..\channelsock\Channel.h">
      <Filter>channelsock</Filter>
    </ClInclude>
    <ClInclude Include="..\channelsock\InetSock.h">
      <Filter>channelsock</Filter>
    </ClInclude>
    <ClInclude Include="..\channelsock\ServiceName.h">
      <Filter>channelsock</Filter>
    </ClInclude>
    <ClInclude Include="..\channelsock\socks.h">
      <Filter>channelsock</Filter>
    </ClInclude>
    <ClInclude Include="..\channelsock\TcpSock.h">
      <Filter>channelsock</Filter>
    </ClInclude>
    <ClInclude Include="..\server\Server.h">
      <Filter>server</Filter>
    </ClInclude>
    <ClInclude Include="..\server\ServerBase.h">
      <Filter>server</Filter>
    </ClInclude>
    <ClInclude Include="..\Log.h" />
    <ClInclude Include="..\client\ClientBase.h">
      <Filter>client</Filter>
    </ClInclude>
    <ClInclude Include="..\channelsock\UdpSock.h">
      <Filter>channelsock</Filter>
    </ClInclude>
    <ClInclude Include="..\channelsock\UdpChannel.h">
      <Filter>channelsock</Filter>
    </ClInclude>
    <ClInclude Include="..\client\Client.h">
      <Filter>client</Filter>
    </ClInclude>
    <ClInclude Include="..\thread\Common.h">
      <Filter>thread</Filter>
    </ClInclude>
    <ClInclude Include="..\thread\Mutex.h">
      <Filter>thread</Filter>
    </ClInclude>
    <ClInclude Include="..\thread\MutexGuard.h">
      <Filter>thread</Filter>
    </ClInclude>
    <ClInclude Include="..\thread\Semaphore.h">
      <Filter>thread</Filter>
    </ClInclude>
    <ClInclude Include="..\thread\Thread.h">
      <Filter>thread</Filter>
    </ClInclude>
    <ClInclude Include="..\thread\Dispatcher.h">
      <Filter>thread</Filter>
    </ClInclude>
    <ClInclude Include="..\thread\Handler.h">
      <Filter>thread</Filter>
    </ClInclude>
    <ClInclude Include="..\thread\SelectReactor.h">
      <Filter>thread</Filter>
    </ClInclude>
    <ClInclude Include="..\ClientApi.h" />
  </ItemGroup>
</Project>